
Microsoft Visual Studio Solution File, Format Version 12.00
# Visual Studio Version 17
VisualStudioVersion = 17.14.36301.6 d17.14
MinimumVisualStudioVersion = 10.0.40219.1
Project("{2150E333-8FDC-42A3-9474-1A3956D46DE8}") = "Solution Items", "Solution Items", "{570FDD3A-BD4C-428A-8B4A-19AE1091CF38}"
	ProjectSection(SolutionItems) = preProject
		appveyor.yml = appveyor.yml
		LICENSE = LICENSE
		README.md = README.md
	EndProjectSection
EndProject
Project("{9A19103F-16F7-4668-BE54-9A1E7A4F7556}") = "Vsxmd", "Vsxmd\Vsxmd.csproj", "{64ADF86A-CCC5-4B29-804D-883AE7518C12}"
EndProject
Global
	GlobalSection(SolutionConfigurationPlatforms) = preSolution
		Debug|Any CPU = Debug|Any CPU
		Release|Any CPU = Release|Any CPU
	EndGlobalSection
	GlobalSection(ProjectConfigurationPlatforms) = postSolution
		{64ADF86A-CCC5-4B29-804D-883AE7518C12}.Debug|Any CPU.ActiveCfg = Debug|Any CPU
		{64ADF86A-CCC5-4B29-804D-883AE7518C12}.Debug|Any CPU.Build.0 = Debug|Any CPU
		{64ADF86A-CCC5-4B29-804D-883AE7518C12}.Release|Any CPU.ActiveCfg = Release|Any CPU
		{64ADF86A-CCC5-4B29-804D-883AE7518C12}.Release|Any CPU.Build.0 = Release|Any CPU
	EndGlobalSection
	GlobalSection(SolutionProperties) = preSolution
		HideSolutionNode = FALSE
	EndGlobalSection
	GlobalSection(ExtensibilityGlobals) = postSolution
		SolutionGuid = {3B1CB87F-0C25-4F18-845A-695D50170B6E}
	EndGlobalSection
EndGlobal
